// !$*UTF8*$!
{
	archiveVersion = 1;
	classes = {
	};
	objectVersion = 46;
	objects = {

/* Begin PBXBuildFile section */
		790CE7491A679986009CEB6B /* HanoiSolver.swift in Sources */ = {isa = PBXBuildFile; fileRef = 790CE7481A679986009CEB6B /* HanoiSolver.swift */; };
		A15F1AAD1A3202F50024D7A8 /* AppDelegate.swift in Sources */ = {isa = PBXBuildFile; fileRef = A15F1AA21A3202F50024D7A8 /* AppDelegate.swift */; };
		A15F1AAF1A3202F50024D7A8 /* LaunchScreen.xib in Resources */ = {isa = PBXBuildFile; fileRef = A15F1AA41A3202F50024D7A8 /* LaunchScreen.xib */; };
		A15F1AB01A3202F50024D7A8 /* Main.storyboard in Resources */ = {isa = PBXBuildFile; fileRef = A15F1AA61A3202F50024D7A8 /* Main.storyboard */; };
		A15F1AB11A3202F50024D7A8 /* HanoiScene.swift in Sources */ = {isa = PBXBuildFile; fileRef = A15F1AA81A3202F50024D7A8 /* HanoiScene.swift */; };
		A15F1AB31A3202F50024D7A8 /* Images.xcassets in Resources */ = {isa = PBXBuildFile; fileRef = A15F1AAA1A3202F50024D7A8 /* Images.xcassets */; };
		A15F1AB51A3202F50024D7A8 /* ViewController.swift in Sources */ = {isa = PBXBuildFile; fileRef = A15F1AAC1A3202F50024D7A8 /* ViewController.swift */; };
		A1B40B8C19F958EF0074331E /* SceneKit.framework in Frameworks */ = {isa = PBXBuildFile; fileRef = A1B40B8B19F958EF0074331E /* SceneKit.framework */; };
/* End PBXBuildFile section */

/* Begin PBXFileReference section */
		790CE7481A679986009CEB6B /* HanoiSolver.swift */ = {isa = PBXFileReference; fileEncoding = 4; lastKnownFileType = sourcecode.swift; path = HanoiSolver.swift; sourceTree = "<group>"; };
		A15F1AA21A3202F50024D7A8 /* AppDelegate.swift */ = {isa = PBXFileReference; fileEncoding = 4; lastKnownFileType = sourcecode.swift; path = AppDelegate.swift; sourceTree = "<group>"; };
		A15F1AA51A3202F50024D7A8 /* Base */ = {isa = PBXFileReference; lastKnownFileType = file.xib; name = Base; path = Base.lproj/LaunchScreen.xib; sourceTree = "<group>"; };
		A15F1AA71A3202F50024D7A8 /* Base */ = {isa = PBXFileReference; lastKnownFileType = file.storyboard; name = Base; path = Base.lproj/Main.storyboard; sourceTree = "<group>"; };
		A15F1AA81A3202F50024D7A8 /* HanoiScene.swift */ = {isa = PBXFileReference; fileEncoding = 4; lastKnownFileType = sourcecode.swift; path = HanoiScene.swift; sourceTree = "<group>"; };
		A15F1AAA1A3202F50024D7A8 /* Images.xcassets */ = {isa = PBXFileReference; lastKnownFileType = folder.assetcatalog; path = Images.xcassets; sourceTree = "<group>"; };
		A15F1AAB1A3202F50024D7A8 /* Info.plist */ = {isa = PBXFileReference; fileEncoding = 4; lastKnownFileType = text.plist.xml; path = Info.plist; sourceTree = "<group>"; };
		A15F1AAC1A3202F50024D7A8 /* ViewController.swift */ = {isa = PBXFileReference; fileEncoding = 4; lastKnownFileType = sourcecode.swift; path = ViewController.swift; sourceTree = "<group>"; };
		A1B40B6619F957DC0074331E /* Towers Of Hanoi.app */ = {isa = PBXFileReference; explicitFileType = wrapper.application; includeInIndex = 0; path = "Towers Of Hanoi.app"; sourceTree = BUILT_PRODUCTS_DIR; };
		A1B40B8B19F958EF0074331E /* SceneKit.framework */ = {isa = PBXFileReference; lastKnownFileType = wrapper.framework; name = SceneKit.framework; path = System/Library/Frameworks/SceneKit.framework; sourceTree = SDKROOT; };
/* End PBXFileReference section */

/* Begin PBXFrameworksBuildPhase section */
		A1B40B6319F957DC0074331E /* Frameworks */ = {
			isa = PBXFrameworksBuildPhase;
			buildActionMask = 2147483647;
			files = (
				A1B40B8C19F958EF0074331E /* SceneKit.framework in Frameworks */,
			);
			runOnlyForDeploymentPostprocessing = 0;
		};
/* End PBXFrameworksBuildPhase section */

/* Begin PBXGroup section */
		A15F1AA11A3202F50024D7A8 /* Towers Of Hanoi */ = {
			isa = PBXGroup;
			children = (
				A15F1AA21A3202F50024D7A8 /* AppDelegate.swift */,
				A15F1AA41A3202F50024D7A8 /* LaunchScreen.xib */,
				A15F1AA61A3202F50024D7A8 /* Main.storyboard */,
				790CE7481A679986009CEB6B /* HanoiSolver.swift */,
				A15F1AA81A3202F50024D7A8 /* HanoiScene.swift */,
				A15F1AAC1A3202F50024D7A8 /* ViewController.swift */,
				A15F1AAA1A3202F50024D7A8 /* Images.xcassets */,
				A15F1AAB1A3202F50024D7A8 /* Info.plist */,
			);
			path = "Towers Of Hanoi";
			sourceTree = "<group>";
		};
		A1B40B5D19F957DC0074331E = {
			isa = PBXGroup;
			children = (
				A1B40B8B19F958EF0074331E /* SceneKit.framework */,
				A15F1AA11A3202F50024D7A8 /* Towers Of Hanoi */,
				A1B40B6719F957DC0074331E /* Products */,
			);
			sourceTree = "<group>";
		};
		A1B40B6719F957DC0074331E /* Products */ = {
			isa = PBXGroup;
			children = (
				A1B40B6619F957DC0074331E /* Towers Of Hanoi.app */,
			);
			name = Products;
			sourceTree = "<group>";
		};
/* End PBXGroup section */

/* Begin PBXNativeTarget section */
		A1B40B6519F957DC0074331E /* Towers Of Hanoi */ = {
			isa = PBXNativeTarget;
			buildConfigurationList = A1B40B8519F957DC0074331E /* Build configuration list for PBXNativeTarget "Towers Of Hanoi" */;
			buildPhases = (
				A1B40B6219F957DC0074331E /* Sources */,
				A1B40B6319F957DC0074331E /* Frameworks */,
				A1B40B6419F957DC0074331E /* Resources */,
			);
			buildRules = (
			);
			dependencies = (
			);
			name = "Towers Of Hanoi";
			productName = SceneKitTutorial1;
			productReference = A1B40B6619F957DC0074331E /* Towers Of Hanoi.app */;
			productType = "com.apple.product-type.application";
		};
/* End PBXNativeTarget section */

/* Begin PBXProject section */
		A1B40B5E19F957DC0074331E /* Project object */ = {
			isa = PBXProject;
			attributes = {
				LastUpgradeCheck = 0630;
				ORGANIZATIONNAME = "We Heart Swift";
				TargetAttributes = {
					A1B40B6519F957DC0074331E = {
						CreatedOnToolsVersion = 6.1;
					};
				};
			};
			buildConfigurationList = A1B40B6119F957DC0074331E /* Build configuration list for PBXProject "Towers Of Hanoi" */;
			compatibilityVersion = "Xcode 3.2";
			developmentRegion = English;
			hasScannedForEncodings = 0;
			knownRegions = (
				en,
				Base,
			);
			mainGroup = A1B40B5D19F957DC0074331E;
			productRefGroup = A1B40B6719F957DC0074331E /* Products */;
			projectDirPath = "";
			projectRoot = "";
			targets = (
				A1B40B6519F957DC0074331E /* Towers Of Hanoi */,
			);
		};
/* End PBXProject section */

/* Begin PBXResourcesBuildPhase section */
		A1B40B6419F957DC0074331E /* Resources */ = {
			isa = PBXResourcesBuildPhase;
			buildActionMask = 2147483647;
			files = (
				A15F1AB31A3202F50024D7A8 /* Images.xcassets in Resources */,
				A15F1AAF1A3202F50024D7A8 /* LaunchScreen.xib in Resources */,
				A15F1AB01A3202F50024D7A8 /* Main.storyboard in Resources */,
			);
			runOnlyForDeploymentPostprocessing = 0;
		};
/* End PBXResourcesBuildPhase section */

/* Begin PBXSourcesBuildPhase section */
		A1B40B6219F957DC0074331E /* Sources */ = {
			isa = PBXSourcesBuildPhase;
			buildActionMask = 2147483647;
			files = (
				A15F1AB51A3202F50024D7A8 /* ViewController.swift in Sources */,
				A15F1AAD1A3202F50024D7A8 /* AppDelegate.swift in Sources */,
				790CE7491A679986009CEB6B /* HanoiSolver.swift in Sources */,
				A15F1AB11A3202F50024D7A8 /* HanoiScene.swift in Sources */,
			);
			runOnlyForDeploymentPostprocessing = 0;
		};
/* End PBXSourcesBuildPhase section */

/* Begin PBXVariantGroup section */
		A15F1AA41A3202F50024D7A8 /* LaunchScreen.xib */ = {
			isa = PBXVariantGroup;
			children = (
				A15F1AA51A3202F50024D7A8 /* Base */,
			);
			name = LaunchScreen.xib;
			sourceTree = "<group>";
		};
		A15F1AA61A3202F50024D7A8 /* Main.storyboard */ = {
			isa = PBXVariantGroup;
			children = (
				A15F1AA71A3202F50024D7A8 /* Base */,
			);
			name = Main.storyboard;
			sourceTree = "<group>";
		};
/* End PBXVariantGroup section */

/* Begin XCBuildConfiguration section */
		A1B40B8319F957DC0074331E /* Debug */ = {
			isa = XCBuildConfiguration;
			buildSettings = {
				ALWAYS_SEARCH_USER_PATHS = NO;
				CLANG_CXX_LANGUAGE_STANDARD = "gnu++0x";
				CLANG_CXX_LIBRARY = "libc++";
				CLANG_ENABLE_MODULES = YES;
				CLANG_ENABLE_OBJC_ARC = YES;
				CLANG_WARN_BOOL_CONVERSION = YES;
				CLANG_WARN_CONSTANT_CONVERSION = YES;
				CLANG_WARN_DIRECT_OBJC_ISA_USAGE = YES_ERROR;
				CLANG_WARN_EMPTY_BODY = YES;
				CLANG_WARN_ENUM_CONVERSION = YES;
				CLANG_WARN_INT_CONVERSION = YES;
				CLANG_WARN_OBJC_ROOT_CLASS = YES_ERROR;
				CLANG_WARN_UNREACHABLE_CODE = YES;
				CLANG_WARN__DUPLICATE_METHOD_MATCH = YES;
				"CODE_SIGN_IDENTITY[sdk=iphoneos*]" = "iPhone Developer";
				COPY_PHASE_STRIP = NO;
				ENABLE_STRICT_OBJC_MSGSEND = YES;
				GCC_C_LANGUAGE_STANDARD = gnu99;
				GCC_DYNAMIC_NO_PIC = NO;
				GCC_OPTIMIZATION_LEVEL = 0;
				GCC_PREPROCESSOR_DEFINITIONS = (
					"DEBUG=1",
					"$(inherited)",
				);
				GCC_SYMBOLS_PRIVATE_EXTERN = NO;
				GCC_WARN_64_TO_32_BIT_CONVERSION = YES;
				GCC_WARN_ABOUT_RETURN_TYPE = YES_ERROR;
				GCC_WARN_UNDECLARED_SELECTOR = YES;
				GCC_WARN_UNINITIALIZED_AUTOS = YES_AGGRESSIVE;
				GCC_WARN_UNUSED_FUNCTION = YES;
				GCC_WARN_UNUSED_VARIABLE = YES;
				IPHONEOS_DEPLOYMENT_TARGET = 8.0;
				MTL_ENABLE_DEBUG_INFO = YES;
				ONLY_ACTIVE_ARCH = YES;
				SDKROOT = iphoneos;
				SWIFT_OPTIMIZATION_LEVEL = "-Onone";
				TARGETED_DEVICE_FAMILY = 2;
			};
			name = Debug;
		};
		A1B40B8419F957DC0074331E /* Release */ = {
			isa = XCBuildConfiguration;
			buildSettings = {
				ALWAYS_SEARCH_USER_PATHS = NO;
				CLANG_CXX_LANGUAGE_STANDARD = "gnu++0x";
				CLANG_CXX_LIBRARY = "libc++";
				CLANG_ENABLE_MODULES = YES;
				CLANG_ENABLE_OBJC_ARC = YES;
				CLANG_WARN_BOOL_CONVERSION = YES;
				CLANG_WARN_CONSTANT_CONVERSION = YES;
				CLANG_WARN_DIRECT_OBJC_ISA_USAGE = YES_ERROR;
				CLANG_WARN_EMPTY_BODY = YES;
				CLANG_WARN_ENUM_CONVERSION = YES;
				CLANG_WARN_INT_CONVERSION = YES;
				CLANG_WARN_OBJC_ROOT_CLASS = YES_ERROR;
				CLANG_WARN_UNREACHABLE_CODE = YES;
				CLANG_WARN__DUPLICATE_METHOD_MATCH = YES;
				"CODE_SIGN_IDENTITY[sdk=iphoneos*]" = "iPhone Developer";
				COPY_PHASE_STRIP = YES;
				ENABLE_NS_ASSERTIONS = NO;
				ENABLE_STRICT_OBJC_MSGSEND = YES;
				GCC_C_LANGUAGE_STANDARD = gnu99;
				GCC_WARN_64_TO_32_BIT_CONVERSION = YES;
				GCC_WARN_ABOUT_RETURN_TYPE = YES_ERROR;
				GCC_WARN_UNDECLARED_SELECTOR = YES;
				GCC_WARN_UNINITIALIZED_AUTOS = YES_AGGRESSIVE;
				GCC_WARN_UNUSED_FUNCTION = YES;
				GCC_WARN_UNUSED_VARIABLE = YES;
				IPHONEOS_DEPLOYMENT_TARGET = 8.0;
				MTL_ENABLE_DEBUG_INFO = NO;
				SDKROOT = iphoneos;
				TARGETED_DEVICE_FAMILY = 2;
				VALIDATE_PRODUCT = YES;
			};
			name = Release;
		};
		A1B40B8619F957DC0074331E /* Debug */ = {
			isa = XCBuildConfiguration;
			buildSettings = {
				ASSETCATALOG_COMPILER_APPICON_NAME = AppIcon;
				CLANG_ENABLE_MODULES = YES;
				INFOPLIST_FILE = "Towers Of Hanoi/Info.plist";
				LD_RUNPATH_SEARCH_PATHS = "$(inherited) @executable_path/Frameworks";
				PRODUCT_NAME = "Towers Of Hanoi";
				SWIFT_INSTALL_OBJC_HEADER = NO;
				SWIFT_OBJC_BRIDGING_HEADER = "";
				SWIFT_OPTIMIZATION_LEVEL = "-Ounchecked";
			};
			name = Debug;
		};
		A1B40B8719F957DC0074331E /* Release */ = {
			isa = XCBuildConfiguration;
			buildSettings = {
				ASSETCATALOG_COMPILER_APPICON_NAME = AppIcon;
				CLANG_ENABLE_MODULES = YES;
				INFOPLIST_FILE = "Towers Of Hanoi/Info.plist";
				LD_RUNPATH_SEARCH_PATHS = "$(inherited) @executable_path/Frameworks";
				PRODUCT_NAME = "Towers Of Hanoi";
				SWIFT_INSTALL_OBJC_HEADER = NO;
				SWIFT_OBJC_BRIDGING_HEADER = "";
			};
			name = Release;
		};
/* End XCBuildConfiguration section */

/* Begin XCConfigurationList section */
		A1B40B6119F957DC0074331E /* Build configuration list for PBXProject "Towers Of Hanoi" */ = {
			isa = XCConfigurationList;
			buildConfigurations = (
				A1B40B8319F957DC0074331E /* Debug */,
				A1B40B8419F957DC0074331E /* Release */,
			);
			defaultConfigurationIsVisible = 0;
			defaultConfigurationName = Release;
		};
		A1B40B8519F957DC0074331E /* Build configuration list for PBXNativeTarget "Towers Of Hanoi" */ = {
			isa = XCConfigurationList;
			buildConfigurations = (
				A1B40B8619F957DC0074331E /* Debug */,
				A1B40B8719F957DC0074331E /* Release */,
			);
			defaultConfigurationIsVisible = 0;
			defaultConfigurationName = Release;
		};
/* End XCConfigurationList section */
	};
	rootObject = A1B40B5E19F957DC0074331E /* Project object */;
}
